{
  "nodes": {
    "go-pray": {
      "inputs": {
        "nixpkgs": [
          "nixpkgs"
        ]
      },
      "locked": {
        "lastModified": 1763024137,
        "narHash": "sha256-ehQz3AoAatNnE7/KGfEJAcym0mCagHlIK2zg3sWAN3o=",
        "owner": "0xzer0x",
        "repo": "go-pray",
        "rev": "8be804a47f85339a9f267e9e851ce82a6c0d606e",
        "type": "github"
      },
      "original": {
        "owner": "0xzer0x",
        "repo": "go-pray",
        "type": "github"
      }
    },
    "nixpkgs": {
      "locked": {
        "lastModified": 1786599213,
        "narHash": "sha256-yjGG65gA1jORt0hWxjzrnw3AYkIn8EWolp8vezwXZ3I=",
        "rev": "0e251e24a4f24e036a084b6b4b2d2491af4167f4",
        "type": "tarball",
        "url": "https://releases.nixos.org/nixos/unstable/nixos-26.11pre1053317.0e251e24a4f2/nixexprs.tar.xz"
      },
      "original": {
        "id": "nixpkgs",
        "ref": "nixos-unstable",
        "type": "indirect"
      }
    },
    "pomo": {
      "inputs": {
        "nixpkgs": [
          "nixpkgs"
        ]
      },
      "locked": {
        "lastModified": 1780789081,
        "narHash": "sha256-ObcZgUMd5IWPVq4Wd+6c1eKG6jnWk4yYmIDsBi3Chq8=",
        "owner": "Bahaaio",
        "repo": "pomo",
        "rev": "89fb5305b442960e11326f56ff6bfee52f5706af",
        "type": "github"
      },
      "original": {
        "owner": "Bahaaio",
        "repo": "pomo",
        "type": "github"
      }
    },
    "root": {
      "inputs": {
        "go-pray": "go-pray",
        "nixpkgs": "nixpkgs",
        "pomo": "pomo",
        "silentSDDM": "silentSDDM",
        "zen-browser": "zen-browser"
      }
    },
    "silentSDDM": {
      "inputs": {
        "nixpkgs": [
          "nixpkgs"
        ]
      },
      "locked": {
        "lastModified": 1785353884,
        "narHash": "sha256-UYAP/sPJxG95tN6a4VNTcskY54ud2sIQKrTzTLioGv0=",
        "owner": "uiriansan",
        "repo": "SilentSDDM",
        "rev": "0dc4386ef570659537b480f4b226b3b6f2699948",
        "type": "github"
      },
      "original": {
        "owner": "uiriansan",
        "repo": "SilentSDDM",
        "type": "github"
      }
    },
    "zen-browser": {
      "inputs": {
        "nixpkgs": [
          "nixpkgs"
        ]
      },
      "locked": {
        "lastModified": 1786424696,
        "narHash": "sha256-cyMeyF4QCZF7YL5+ynYZMDIA2LChF3L51ZLP6BvJ1L4=",
        "owner": "youwen5",
        "repo": "zen-browser-flake",
        "rev": "64791844717b786a93dde8f76c8a35222e53cf53",
        "type": "github"
      },
      "original": {
        "owner": "youwen5",
        "repo": "zen-browser-flake",
        "type": "github"
      }
    }
  },
  "root": "root",
  "version": 7
}
